// !$*UTF8*$!
{
	archiveVersion = 1;
	classes = {
	};
	objectVersion = 46;
	objects = {

/* Begin PBXBuildFile section */
		22BB37681A572F3E004EF02B /* Menu.m in Sources */ = {isa = PBXBuildFile; fileRef = 22BB37671A572F3E004EF02B /* Menu.m */; };
		22BB376C1A572FA0004EF02B /* SerialCommunication.m in Sources */ = {isa = PBXBuildFile; fileRef = 22BB376B1A572FA0004EF02B /* SerialCommunication.m */; };
		22BB376F1A57300B004EF02B /* IOKit.framework in Frameworks */ = {isa = PBXBuildFile; fileRef = 22BB376E1A57300B004EF02B /* IOKit.framework */; };
		22BB37721A573056004EF02B /* Controller.m in Sources */ = {isa = PBXBuildFile; fileRef = 22BB37711A573056004EF02B /* Controller.m */; };
		22BB37761A574456004EF02B /* Network.m in Sources */ = {isa = PBXBuildFile; fileRef = 22BB37751A574456004EF02B /* Network.m */; };
		22BB37791A5757D6004EF02B /* Model.m in Sources */ = {isa = PBXBuildFile; fileRef = 22BB37781A5757D6004EF02B /* Model.m */; };
		22F202B31A5356860014CF16 /* AppDelegate.m in Sources */ = {isa = PBXBuildFile; fileRef = 22F202B21A5356860014CF16 /* AppDelegate.m */; };
		22F202B51A5356860014CF16 /* main.m in Sources */ = {isa = PBXBuildFile; fileRef = 22F202B41A5356860014CF16 /* main.m */; };
		22F202B71A5356860014CF16 /* Images.xcassets in Resources */ = {isa = PBXBuildFile; fileRef = 22F202B61A5356860014CF16 /* Images.xcassets */; };
		22F202BA1A5356860014CF16 /* MainMenu.xib in Resources */ = {isa = PBXBuildFile; fileRef = 22F202B81A5356860014CF16 /* MainMenu.xib */; };
		22F202C61A5356870014CF16 /* acknowledgeTests.m in Sources */ = {isa = PBXBuildFile; fileRef = 22F202C51A5356870014CF16 /* acknowledgeTests.m */; };
		B67101C95F7207D940CF0BE0 /* libPods-acknowledge.a in Frameworks */ = {isa = PBXBuildFile; fileRef = CFE8572F8E3441D1D408A87C /* libPods-acknowledge.a */; };
/* End PBXBuildFile section */

/* Begin PBXContainerItemProxy section */
		22F202C01A5356870014CF16 /* PBXContainerItemProxy */ = {
			isa = PBXContainerItemProxy;
			containerPortal = 22F202A41A5356860014CF16 /* Project object */;
			proxyType = 1;
			remoteGlobalIDString = 22F202AB1A5356860014CF16;
			remoteInfo = acknowledge;
		};
/* End PBXContainerItemProxy section */

/* Begin PBXFileReference section */
		22BB37661A572F3E004EF02B /* Menu.h */ = {isa = PBXFileReference; fileEncoding = 4; lastKnownFileType = sourcecode.c.h; path = Menu.h; sourceTree = "<group>"; };
		22BB37671A572F3E004EF02B /* Menu.m */ = {isa = PBXFileReference; fileEncoding = 4; lastKnownFileType = sourcecode.c.objc; path = Menu.m; sourceTree = "<group>"; };
		22BB376A1A572FA0004EF02B /* SerialCommunication.h */ = {isa = PBXFileReference; fileEncoding = 4; lastKnownFileType = sourcecode.c.h; path = SerialCommunication.h; sourceTree = "<group>"; };
		22BB376B1A572FA0004EF02B /* SerialCommunication.m */ = {isa = PBXFileReference; fileEncoding = 4; lastKnownFileType = sourcecode.c.objc; path = SerialCommunication.m; sourceTree = "<group>"; };
		22BB376E1A57300B004EF02B /* IOKit.framework */ = {isa = PBXFileReference; lastKnownFileType = wrapper.framework; name = IOKit.framework; path = System/Library/Frameworks/IOKit.framework; sourceTree = SDKROOT; };
		22BB37701A573056004EF02B /* Controller.h */ = {isa = PBXFileReference; fileEncoding = 4; lastKnownFileType = sourcecode.c.h; path = Controller.h; sourceTree = "<group>"; };
		22BB37711A573056004EF02B /* Controller.m */ = {isa = PBXFileReference; fileEncoding = 4; lastKnownFileType = sourcecode.c.objc; path = Controller.m; sourceTree = "<group>"; };
		22BB37741A574456004EF02B /* Network.h */ = {isa = PBXFileReference; fileEncoding = 4; lastKnownFileType = sourcecode.c.h; path = Network.h; sourceTree = "<group>"; };
		22BB37751A574456004EF02B /* Network.m */ = {isa = PBXFileReference; fileEncoding = 4; lastKnownFileType = sourcecode.c.objc; path = Network.m; sourceTree = "<group>"; };
		22BB37771A5757D6004EF02B /* Model.h */ = {isa = PBXFileReference; fileEncoding = 4; lastKnownFileType = sourcecode.c.h; path = Model.h; sourceTree = "<group>"; };
		22BB37781A5757D6004EF02B /* Model.m */ = {isa = PBXFileReference; fileEncoding = 4; lastKnownFileType = sourcecode.c.objc; path = Model.m; sourceTree = "<group>"; };
		22F202AC1A5356860014CF16 /* acknowledge.app */ = {isa = PBXFileReference; explicitFileType = wrapper.application; includeInIndex = 0; path = acknowledge.app; sourceTree = BUILT_PRODUCTS_DIR; };
		22F202B01A5356860014CF16 /* Info.plist */ = {isa = PBXFileReference; lastKnownFileType = text.plist.xml; path = Info.plist; sourceTree = "<group>"; };
		22F202B11A5356860014CF16 /* AppDelegate.h */ = {isa = PBXFileReference; lastKnownFileType = sourcecode.c.h; path = AppDelegate.h; sourceTree = "<group>"; };
		22F202B21A5356860014CF16 /* AppDelegate.m */ = {isa = PBXFileReference; lastKnownFileType = sourcecode.c.objc; path = AppDelegate.m; sourceTree = "<group>"; };
		22F202B41A5356860014CF16 /* main.m */ = {isa = PBXFileReference; lastKnownFileType = sourcecode.c.objc; path = main.m; sourceTree = "<group>"; };
		22F202B61A5356860014CF16 /* Images.xcassets */ = {isa = PBXFileReference; lastKnownFileType = folder.assetcatalog; path = Images.xcassets; sourceTree = "<group>"; };
		22F202B91A5356860014CF16 /* Base */ = {isa = PBXFileReference; lastKnownFileType = file.xib; name = Base; path = Base.lproj/MainMenu.xib; sourceTree = "<group>"; };
		22F202BF1A5356870014CF16 /* acknowledgeTests.xctest */ = {isa = PBXFileReference; explicitFileType = wrapper.cfbundle; includeInIndex = 0; path = acknowledgeTests.xctest; sourceTree = BUILT_PRODUCTS_DIR; };
		22F202C41A5356870014CF16 /* Info.plist */ = {isa = PBXFileReference; lastKnownFileType = text.plist.xml; path = Info.plist; sourceTree = "<group>"; };
		22F202C51A5356870014CF16 /* acknowledgeTests.m */ = {isa = PBXFileReference; lastKnownFileType = sourcecode.c.objc; path = acknowledgeTests.m; sourceTree = "<group>"; };
		53DF76B74E52E04FE084FA0B /* Pods-acknowledge.release.xcconfig */ = {isa = PBXFileReference; includeInIndex = 1; lastKnownFileType = text.xcconfig; name = "Pods-acknowledge.release.xcconfig"; path = "Pods/Target Support Files/Pods-acknowledge/Pods-acknowledge.release.xcconfig"; sourceTree = "<group>"; };
		C84E967D7E7BC1828E01EEF8 /* Pods-acknowledge.debug.xcconfig */ = {isa = PBXFileReference; includeInIndex = 1; lastKnownFileType = text.xcconfig; name = "Pods-acknowledge.debug.xcconfig"; path = "Pods/Target Support Files/Pods-acknowledge/Pods-acknowledge.debug.xcconfig"; sourceTree = "<group>"; };
		CFE8572F8E3441D1D408A87C /* libPods-acknowledge.a */ = {isa = PBXFileReference; explicitFileType = archive.ar; includeInIndex = 0; path = "libPods-acknowledge.a"; sourceTree = BUILT_PRODUCTS_DIR; };
/* End PBXFileReference section */

/* Begin PBXFrameworksBuildPhase section */
		22F202A91A5356860014CF16 /* Frameworks */ = {
			isa = PBXFrameworksBuildPhase;
			buildActionMask = 2147483647;
			files = (
				22BB376F1A57300B004EF02B /* IOKit.framework in Frameworks */,
				B67101C95F7207D940CF0BE0 /* libPods-acknowledge.a in Frameworks */,
			);
			runOnlyForDeploymentPostprocessing = 0;
		};
		22F202BC1A5356870014CF16 /* Frameworks */ = {
			isa = PBXFrameworksBuildPhase;
			buildActionMask = 2147483647;
			files = (
			);
			runOnlyForDeploymentPostprocessing = 0;
		};
/* End PBXFrameworksBuildPhase section */

/* Begin PBXGroup section */
		22BB376D1A573001004EF02B /* Frameworks */ = {
			isa = PBXGroup;
			children = (
				22BB376E1A57300B004EF02B /* IOKit.framework */,
				CFE8572F8E3441D1D408A87C /* libPods-acknowledge.a */,
			);
			name = Frameworks;
			sourceTree = "<group>";
		};
		22BB37731A573693004EF02B /* Network */ = {
			isa = PBXGroup;
			children = (
				22BB37741A574456004EF02B /* Network.h */,
				22BB37751A574456004EF02B /* Network.m */,
			);
			name = Network;
			path = network;
			sourceTree = "<group>";
		};
		22F202A31A5356860014CF16 = {
			isa = PBXGroup;
			children = (
				22BB376D1A573001004EF02B /* Frameworks */,
				22F202AE1A5356860014CF16 /* acknowledge */,
				22F202C21A5356870014CF16 /* acknowledgeTests */,
				22F202AD1A5356860014CF16 /* Products */,
				8055EB490960D753778F5070 /* Pods */,
			);
			sourceTree = "<group>";
		};
		22F202AD1A5356860014CF16 /* Products */ = {
			isa = PBXGroup;
			children = (
				22F202AC1A5356860014CF16 /* acknowledge.app */,
				22F202BF1A5356870014CF16 /* acknowledgeTests.xctest */,
			);
			name = Products;
			sourceTree = "<group>";
		};
		22F202AE1A5356860014CF16 /* acknowledge */ = {
			isa = PBXGroup;
			children = (
				22BB37731A573693004EF02B /* Network */,
				22F202D21A5357050014CF16 /* Controller */,
				22F202D11A5356F20014CF16 /* Model */,
				22F202D01A5356C80014CF16 /* Menu */,
				22F202CF1A5356C40014CF16 /* Io */,
				22F202B11A5356860014CF16 /* AppDelegate.h */,
				22F202B21A5356860014CF16 /* AppDelegate.m */,
				22F202B61A5356860014CF16 /* Images.xcassets */,
				22F202B81A5356860014CF16 /* MainMenu.xib */,
				22F202AF1A5356860014CF16 /* Supporting Files */,
			);
			path = acknowledge;
			sourceTree = "<group>";
		};
		22F202AF1A5356860014CF16 /* Supporting Files */ = {
			isa = PBXGroup;
			children = (
				22F202B01A5356860014CF16 /* Info.plist */,
				22F202B41A5356860014CF16 /* main.m */,
			);
			name = "Supporting Files";
			sourceTree = "<group>";
		};
		22F202C21A5356870014CF16 /* acknowledgeTests */ = {
			isa = PBXGroup;
			children = (
				22F202C51A5356870014CF16 /* acknowledgeTests.m */,
				22F202C31A5356870014CF16 /* Supporting Files */,
			);
			path = acknowledgeTests;
			sourceTree = "<group>";
		};
		22F202C31A5356870014CF16 /* Supporting Files */ = {
			isa = PBXGroup;
			children = (
				22F202C41A5356870014CF16 /* Info.plist */,
			);
			name = "Supporting Files";
			sourceTree = "<group>";
		};
		22F202CF1A5356C40014CF16 /* Io */ = {
			isa = PBXGroup;
			children = (
				22BB376A1A572FA0004EF02B /* SerialCommunication.h */,
				22BB376B1A572FA0004EF02B /* SerialCommunication.m */,
			);
			name = Io;
			path = io;
			sourceTree = "<group>";
		};
		22F202D01A5356C80014CF16 /* Menu */ = {
			isa = PBXGroup;
			children = (
				22BB37661A572F3E004EF02B /* Menu.h */,
				22BB37671A572F3E004EF02B /* Menu.m */,
			);
			name = Menu;
			path = menu;
			sourceTree = "<group>";
		};
		22F202D11A5356F20014CF16 /* Model */ = {
			isa = PBXGroup;
			children = (
				22BB37771A5757D6004EF02B /* Model.h */,
				22BB37781A5757D6004EF02B /* Model.m */,
			);
			name = Model;
			path = model;
			sourceTree = "<group>";
		};
		22F202D21A5357050014CF16 /* Controller */ = {
			isa = PBXGroup;
			children = (
				22BB37701A573056004EF02B /* Controller.h */,
				22BB37711A573056004EF02B /* Controller.m */,
			);
			name = Controller;
			path = controller;
			sourceTree = "<group>";
		};
		8055EB490960D753778F5070 /* Pods */ = {
			isa = PBXGroup;
			children = (
				C84E967D7E7BC1828E01EEF8 /* Pods-acknowledge.debug.xcconfig */,
				53DF76B74E52E04FE084FA0B /* Pods-acknowledge.release.xcconfig */,
			);
			name = Pods;
			sourceTree = "<group>";
		};
/* End PBXGroup section */

/* Begin PBXNativeTarget section */
		22F202AB1A5356860014CF16 /* acknowledge */ = {
			isa = PBXNativeTarget;
			buildConfigurationList = 22F202C91A5356870014CF16 /* Build configuration list for PBXNativeTarget "acknowledge" */;
			buildPhases = (
				E3E8AF0D6670C44CEA788C55 /* Check Pods Manifest.lock */,
				22F202A81A5356860014CF16 /* Sources */,
				22F202A91A5356860014CF16 /* Frameworks */,
				22F202AA1A5356860014CF16 /* Resources */,
				D68879405D34D9465B78CA9A /* Copy Pods Resources */,
			);
			buildRules = (
			);
			dependencies = (
			);
			name = acknowledge;
			productName = acknowledge;
			productReference = 22F202AC1A5356860014CF16 /* acknowledge.app */;
			productType = "com.apple.product-type.application";
		};
		22F202BE1A5356870014CF16 /* acknowledgeTests */ = {
			isa = PBXNativeTarget;
			buildConfigurationList = 22F202CC1A5356870014CF16 /* Build configuration list for PBXNativeTarget "acknowledgeTests" */;
			buildPhases = (
				22F202BB1A5356870014CF16 /* Sources */,
				22F202BC1A5356870014CF16 /* Frameworks */,
				22F202BD1A5356870014CF16 /* Resources */,
			);
			buildRules = (
			);
			dependencies = (
				22F202C11A5356870014CF16 /* PBXTargetDependency */,
			);
			name = acknowledgeTests;
			productName = acknowledgeTests;
			productReference = 22F202BF1A5356870014CF16 /* acknowledgeTests.xctest */;
			productType = "com.apple.product-type.bundle.unit-test";
		};
/* End PBXNativeTarget section */

/* Begin PBXProject section */
		22F202A41A5356860014CF16 /* Project object */ = {
			isa = PBXProject;
			attributes = {
				LastUpgradeCheck = 0610;
				ORGANIZATIONNAME = "Samuel Rayment";
				TargetAttributes = {
					22F202AB1A5356860014CF16 = {
						CreatedOnToolsVersion = 6.1.1;
					};
					22F202BE1A5356870014CF16 = {
						CreatedOnToolsVersion = 6.1.1;
						TestTargetID = 22F202AB1A5356860014CF16;
					};
				};
			};
			buildConfigurationList = 22F202A71A5356860014CF16 /* Build configuration list for PBXProject "acknowledge" */;
			compatibilityVersion = "Xcode 3.2";
			developmentRegion = English;
			hasScannedForEncodings = 0;
			knownRegions = (
				en,
				Base,
			);
			mainGroup = 22F202A31A5356860014CF16;
			productRefGroup = 22F202AD1A5356860014CF16 /* Products */;
			projectDirPath = "";
			projectRoot = "";
			targets = (
				22F202AB1A5356860014CF16 /* acknowledge */,
				22F202BE1A5356870014CF16 /* acknowledgeTests */,
			);
		};
/* End PBXProject section */

/* Begin PBXResourcesBuildPhase section */
		22F202AA1A5356860014CF16 /* Resources */ = {
			isa = PBXResourcesBuildPhase;
			buildActionMask = 2147483647;
			files = (
				22F202B71A5356860014CF16 /* Images.xcassets in Resources */,
				22F202BA1A5356860014CF16 /* MainMenu.xib in Resources */,
			);
			runOnlyForDeploymentPostprocessing = 0;
		};
		22F202BD1A5356870014CF16 /* Resources */ = {
			isa = PBXResourcesBuildPhase;
			buildActionMask = 2147483647;
			files = (
			);
			runOnlyForDeploymentPostprocessing = 0;
		};
/* End PBXResourcesBuildPhase section */

/* Begin PBXShellScriptBuildPhase section */
		D68879405D34D9465B78CA9A /* Copy Pods Resources */ = {
			isa = PBXShellScriptBuildPhase;
			buildActionMask = 2147483647;
			files = (
			);
			inputPaths = (
			);
			name = "Copy Pods Resources";
			outputPaths = (
			);
			runOnlyForDeploymentPostprocessing = 0;
			shellPath = /bin/sh;
			shellScript = "\"${SRCROOT}/Pods/Target Support Files/Pods-acknowledge/Pods-acknowledge-resources.sh\"\n";
			showEnvVarsInLog = 0;
		};
		E3E8AF0D6670C44CEA788C55 /* Check Pods Manifest.lock */ = {
			isa = PBXShellScriptBuildPhase;
			buildActionMask = 2147483647;
			files = (
			);
			inputPaths = (
			);
			name = "Check Pods Manifest.lock";
			outputPaths = (
			);
			runOnlyForDeploymentPostprocessing = 0;
			shellPath = /bin/sh;
			shellScript = "diff \"${PODS_ROOT}/../Podfile.lock\" \"${PODS_ROOT}/Manifest.lock\" > /dev/null\nif [[ $? != 0 ]] ; then\n    cat << EOM\nerror: The sandbox is not in sync with the Podfile.lock. Run 'pod install' or update your CocoaPods installation.\nEOM\n    exit 1\nfi\n";
			showEnvVarsInLog = 0;
		};
/* End PBXShellScriptBuildPhase section */

/* Begin PBXSourcesBuildPhase section */
		22F202A81A5356860014CF16 /* Sources */ = {
			isa = PBXSourcesBuildPhase;
			buildActionMask = 2147483647;
			files = (
				22F202B51A5356860014CF16 /* main.m in Sources */,
				22BB37721A573056004EF02B /* Controller.m in Sources */,
				22F202B31A5356860014CF16 /* AppDelegate.m in Sources */,
				22BB376C1A572FA0004EF02B /* SerialCommunication.m in Sources */,
				22BB37791A5757D6004EF02B /* Model.m in Sources */,
				22BB37761A574456004EF02B /* Network.m in Sources */,
				22BB37681A572F3E004EF02B /* Menu.m in Sources */,
			);
			runOnlyForDeploymentPostprocessing = 0;
		};
		22F202BB1A5356870014CF16 /* Sources */ = {
			isa = PBXSourcesBuildPhase;
			buildActionMask = 2147483647;
			files = (
				22F202C61A5356870014CF16 /* acknowledgeTests.m in Sources */,
			);
			runOnlyForDeploymentPostprocessing = 0;
		};
/* End PBXSourcesBuildPhase section */

/* Begin PBXTargetDependency section */
		22F202C11A5356870014CF16 /* PBXTargetDependency */ = {
			isa = PBXTargetDependency;
			target = 22F202AB1A5356860014CF16 /* acknowledge */;
			targetProxy = 22F202C01A5356870014CF16 /* PBXContainerItemProxy */;
		};
/* End PBXTargetDependency section */

/* Begin PBXVariantGroup section */
		22F202B81A5356860014CF16 /* MainMenu.xib */ = {
			isa = PBXVariantGroup;
			children = (
				22F202B91A5356860014CF16 /* Base */,
			);
			name = MainMenu.xib;
			sourceTree = "<group>";
		};
/* End PBXVariantGroup section */

/* Begin XCBuildConfiguration section */
		22F202C71A5356870014CF16 /* Debug */ = {
			isa = XCBuildConfiguration;
			buildSettings = {
				ALWAYS_SEARCH_USER_PATHS = NO;
				CLANG_CXX_LANGUAGE_STANDARD = "gnu++0x";
				CLANG_CXX_LIBRARY = "libc++";
				CLANG_ENABLE_MODULES = YES;
				CLANG_ENABLE_OBJC_ARC = YES;
				CLANG_WARN_BOOL_CONVERSION = YES;
				CLANG_WARN_CONSTANT_CONVERSION = YES;
				CLANG_WARN_DIRECT_OBJC_ISA_USAGE = YES_ERROR;
				CLANG_WARN_EMPTY_BODY = YES;
				CLANG_WARN_ENUM_CONVERSION = YES;
				CLANG_WARN_INT_CONVERSION = YES;
				CLANG_WARN_OBJC_ROOT_CLASS = YES_ERROR;
				CLANG_WARN_UNREACHABLE_CODE = YES;
				CLANG_WARN__DUPLICATE_METHOD_MATCH = YES;
				CODE_SIGN_IDENTITY = "-";
				COPY_PHASE_STRIP = NO;
				ENABLE_STRICT_OBJC_MSGSEND = YES;
				GCC_C_LANGUAGE_STANDARD = gnu99;
				GCC_DYNAMIC_NO_PIC = NO;
				GCC_OPTIMIZATION_LEVEL = 0;
				GCC_PREPROCESSOR_DEFINITIONS = (
					"DEBUG=1",
					"$(inherited)",
				);
				GCC_SYMBOLS_PRIVATE_EXTERN = NO;
				GCC_WARN_64_TO_32_BIT_CONVERSION = YES;
				GCC_WARN_ABOUT_RETURN_TYPE = YES_ERROR;
				GCC_WARN_UNDECLARED_SELECTOR = YES;
				GCC_WARN_UNINITIALIZED_AUTOS = YES_AGGRESSIVE;
				GCC_WARN_UNUSED_FUNCTION = YES;
				GCC_WARN_UNUSED_VARIABLE = YES;
				MACOSX_DEPLOYMENT_TARGET = 10.10;
				MTL_ENABLE_DEBUG_INFO = YES;
				ONLY_ACTIVE_ARCH = YES;
				SDKROOT = macosx;
			};
			name = Debug;
		};
		22F202C81A5356870014CF16 /* Release */ = {
			isa = XCBuildConfiguration;
			buildSettings = {
				ALWAYS_SEARCH_USER_PATHS = NO;
				CLANG_CXX_LANGUAGE_STANDARD = "gnu++0x";
				CLANG_CXX_LIBRARY = "libc++";
				CLANG_ENABLE_MODULES = YES;
				CLANG_ENABLE_OBJC_ARC = YES;
				CLANG_WARN_BOOL_CONVERSION = YES;
				CLANG_WARN_CONSTANT_CONVERSION = YES;
				CLANG_WARN_DIRECT_OBJC_ISA_USAGE = YES_ERROR;
				CLANG_WARN_EMPTY_BODY = YES;
				CLANG_WARN_ENUM_CONVERSION = YES;
				CLANG_WARN_INT_CONVERSION = YES;
				CLANG_WARN_OBJC_ROOT_CLASS = YES_ERROR;
				CLANG_WARN_UNREACHABLE_CODE = YES;
				CLANG_WARN__DUPLICATE_METHOD_MATCH = YES;
				CODE_SIGN_IDENTITY = "-";
				COPY_PHASE_STRIP = YES;
				DEBUG_INFORMATION_FORMAT = "dwarf-with-dsym";
				ENABLE_NS_ASSERTIONS = NO;
				ENABLE_STRICT_OBJC_MSGSEND = YES;
				GCC_C_LANGUAGE_STANDARD = gnu99;
				GCC_WARN_64_TO_32_BIT_CONVERSION = YES;
				GCC_WARN_ABOUT_RETURN_TYPE = YES_ERROR;
				GCC_WARN_UNDECLARED_SELECTOR = YES;
				GCC_WARN_UNINITIALIZED_AUTOS = YES_AGGRESSIVE;
				GCC_WARN_UNUSED_FUNCTION = YES;
				GCC_WARN_UNUSED_VARIABLE = YES;
				MACOSX_DEPLOYMENT_TARGET = 10.10;
				MTL_ENABLE_DEBUG_INFO = NO;
				SDKROOT = macosx;
			};
			name = Release;
		};
		22F202CA1A5356870014CF16 /* Debug */ = {
			isa = XCBuildConfiguration;
			baseConfigurationReference = C84E967D7E7BC1828E01EEF8 /* Pods-acknowledge.debug.xcconfig */;
			buildSettings = {
				ASSETCATALOG_COMPILER_APPICON_NAME = AppIcon;
				COMBINE_HIDPI_IMAGES = YES;
				INFOPLIST_FILE = acknowledge/Info.plist;
				LD_RUNPATH_SEARCH_PATHS = "$(inherited) @executable_path/../Frameworks";
				PRODUCT_NAME = "$(TARGET_NAME)";
			};
			name = Debug;
		};
		22F202CB1A5356870014CF16 /* Release */ = {
			isa = XCBuildConfiguration;
			baseConfigurationReference = 53DF76B74E52E04FE084FA0B /* Pods-acknowledge.release.xcconfig */;
			buildSettings = {
				ASSETCATALOG_COMPILER_APPICON_NAME = AppIcon;
				COMBINE_HIDPI_IMAGES = YES;
				INFOPLIST_FILE = acknowledge/Info.plist;
				LD_RUNPATH_SEARCH_PATHS = "$(inherited) @executable_path/../Frameworks";
				PRODUCT_NAME = "$(TARGET_NAME)";
			};
			name = Release;
		};
		22F202CD1A5356870014CF16 /* Debug */ = {
			isa = XCBuildConfiguration;
			buildSettings = {
				BUNDLE_LOADER = "$(TEST_HOST)";
				COMBINE_HIDPI_IMAGES = YES;
				FRAMEWORK_SEARCH_PATHS = (
					"$(DEVELOPER_FRAMEWORKS_DIR)",
					"$(inherited)",
				);
				GCC_PREPROCESSOR_DEFINITIONS = (
					"DEBUG=1",
					"$(inherited)",
				);
				INFOPLIST_FILE = acknowledgeTests/Info.plist;
				LD_RUNPATH_SEARCH_PATHS = "$(inherited) @executable_path/../Frameworks @loader_path/../Frameworks";
				PRODUCT_NAME = "$(TARGET_NAME)";
				TEST_HOST = "$(BUILT_PRODUCTS_DIR)/acknowledge.app/Contents/MacOS/acknowledge";
			};
			name = Debug;
		};
		22F202CE1A5356870014CF16 /* Release */ = {
			isa = XCBuildConfiguration;
			buildSettings = {
				BUNDLE_LOADER = "$(TEST_HOST)";
				COMBINE_HIDPI_IMAGES = YES;
				FRAMEWORK_SEARCH_PATHS = (
					"$(DEVELOPER_FRAMEWORKS_DIR)",
					"$(inherited)",
				);
				INFOPLIST_FILE = acknowledgeTests/Info.plist;
				LD_RUNPATH_SEARCH_PATHS = "$(inherited) @executable_path/../Frameworks @loader_path/../Frameworks";
				PRODUCT_NAME = "$(TARGET_NAME)";
				TEST_HOST = "$(BUILT_PRODUCTS_DIR)/acknowledge.app/Contents/MacOS/acknowledge";
			};
			name = Release;
		};
/* End XCBuildConfiguration section */

/* Begin XCConfigurationList section */
		22F202A71A5356860014CF16 /* Build configuration list for PBXProject "acknowledge" */ = {
			isa = XCConfigurationList;
			buildConfigurations = (
				22F202C71A5356870014CF16 /* Debug */,
				22F202C81A5356870014CF16 /* Release */,
			);
			defaultConfigurationIsVisible = 0;
			defaultConfigurationName = Release;
		};
		22F202C91A5356870014CF16 /* Build configuration list for PBXNativeTarget "acknowledge" */ = {
			isa = XCConfigurationList;
			buildConfigurations = (
				22F202CA1A5356870014CF16 /* Debug */,
				22F202CB1A5356870014CF16 /* Release */,
			);
			defaultConfigurationIsVisible = 0;
			defaultConfigurationName = Release;
		};
		22F202CC1A5356870014CF16 /* Build configuration list for PBXNativeTarget "acknowledgeTests" */ = {
			isa = XCConfigurationList;
			buildConfigurations = (
				22F202CD1A5356870014CF16 /* Debug */,
				22F202CE1A5356870014CF16 /* Release */,
			);
			defaultConfigurationIsVisible = 0;
			defaultConfigurationName = Release;
		};
/* End XCConfigurationList section */
	};
	rootObject = 22F202A41A5356860014CF16 /* Project object */;
}
